
Microsoft Visual Studio Solution File, Format Version 12.00
# Visual Studio Version 17
VisualStudioVersion = 17.8.34330.188
MinimumVisualStudioVersion = 10.0.40219.1
Project("{2150E333-8FDC-42A3-9474-1A3956D46DE8}") = "src", "src", "{0E38996B-BC12-4900-89A9-2B99785B5D88}"
EndProject
Project("{FAE04EC0-301F-11D3-BF4B-00C04F79EFBC}") = "AdminPro.WebApi", "src\AdminPro.WebApi\AdminPro.WebApi.csproj", "{25EBCB3A-0230-47C1-A348-A443225A415A}"
EndProject
Project("{FAE04EC0-301F-11D3-BF4B-00C04F79EFBC}") = "AdminPro.Application", "src\AdminPro.Application\AdminPro.Application.csproj", "{FBD9B49F-AA2C-4822-8BF7-F5707910A7B8}"
EndProject
Project("{FAE04EC0-301F-11D3-BF4B-00C04F79EFBC}") = "AdminPro.Infrastructure", "src\AdminPro.Infrastructure\AdminPro.Infrastructure.csproj", "{4A3721EF-ABF5-4881-AAE7-21A861AF4C3F}"
EndProject
Global
	GlobalSection(SolutionConfigurationPlatforms) = preSolution
		Debug|Any CPU = Debug|Any CPU
		Release|Any CPU = Release|Any CPU
	EndGlobalSection
	GlobalSection(ProjectConfigurationPlatforms) = postSolution
		{25EBCB3A-0230-47C1-A348-A443225A415A}.Debug|Any CPU.ActiveCfg = Debug|Any CPU
		{25EBCB3A-0230-47C1-A348-A443225A415A}.Debug|Any CPU.Build.0 = Debug|Any CPU
		{25EBCB3A-0230-47C1-A348-A443225A415A}.Release|Any CPU.ActiveCfg = Release|Any CPU
		{25EBCB3A-0230-47C1-A348-A443225A415A}.Release|Any CPU.Build.0 = Release|Any CPU
		{FBD9B49F-AA2C-4822-8BF7-F5707910A7B8}.Debug|Any CPU.ActiveCfg = Debug|Any CPU
		{FBD9B49F-AA2C-4822-8BF7-F5707910A7B8}.Debug|Any CPU.Build.0 = Debug|Any CPU
		{FBD9B49F-AA2C-4822-8BF7-F5707910A7B8}.Release|Any CPU.ActiveCfg = Release|Any CPU
		{FBD9B49F-AA2C-4822-8BF7-F5707910A7B8}.Release|Any CPU.Build.0 = Release|Any CPU
		{4A3721EF-ABF5-4881-AAE7-21A861AF4C3F}.Debug|Any CPU.ActiveCfg = Debug|Any CPU
		{4A3721EF-ABF5-4881-AAE7-21A861AF4C3F}.Debug|Any CPU.Build.0 = Debug|Any CPU
		{4A3721EF-ABF5-4881-AAE7-21A861AF4C3F}.Release|Any CPU.ActiveCfg = Release|Any CPU
		{4A3721EF-ABF5-4881-AAE7-21A861AF4C3F}.Release|Any CPU.Build.0 = Release|Any CPU
	EndGlobalSection
	GlobalSection(SolutionProperties) = preSolution
		HideSolutionNode = FALSE
	EndGlobalSection
	GlobalSection(NestedProjects) = preSolution
		{25EBCB3A-0230-47C1-A348-A443225A415A} = {0E38996B-BC12-4900-89A9-2B99785B5D88}
		{FBD9B49F-AA2C-4822-8BF7-F5707910A7B8} = {0E38996B-BC12-4900-89A9-2B99785B5D88}
		{4A3721EF-ABF5-4881-AAE7-21A861AF4C3F} = {0E38996B-BC12-4900-89A9-2B99785B5D88}
	EndGlobalSection
	GlobalSection(ExtensibilityGlobals) = postSolution
		SolutionGuid = {30406F77-3767-419C-8EB7-D252F56811CD}
	EndGlobalSection
EndGlobal
